app-id: com.github.flocore.flocoreclock

runtime: io.elementary.Platform
runtime-version: '6'
sdk: io.elementary.Sdk

command: com.github.flocore.flocoreclock

finish-args:
  - '--share=ipc'
  - '--socket=fallback-x11'
  - '--socket=wayland'

modules:
  - name: flocoreclock
    buildsystem: meson
    sources:
      - type: dir
        path: .